# This file is automatically @generated by Cargo.
# It is not intended for manual editing.
version = 4

[[package]]
name = "argsynth"
version = "0.1.0"
dependencies = [
 "datamodel",
]

[[package]]
name = "census"
version = "0.1.0"
dependencies = [
 "datamodel",
 "discovery",
]

[[package]]
name = "datamodel"
version = "0.1.0"

[[package]]
name = "destructive"
version = "0.1.0"
dependencies = [
 "datamodel",
 "store",
]

[[package]]
name = "discovery"
version = "0.1.0"
dependencies = [
 "datamodel",
]

[[package]]
name = "intake"
version = "0.1.0"
dependencies = [
 "datamodel",
]

[[package]]
name = "integrity"
version = "0.1.0"
dependencies = [
 "datamodel",
]

[[package]]
name = "normalise"
version = "0.1.0"
dependencies = [
 "datamodel",
]

[[package]]
name = "observe"
version = "0.1.0"
dependencies = [
 "datamodel",
]

[[package]]
name = "orchestrator"
version = "0.1.0"
dependencies = [
 "argsynth",
 "census",
 "datamodel",
 "destructive",
 "discovery",
 "intake",
 "integrity",
 "normalise",
 "observe",
 "planner",
 "sandbox",
 "store",
 "verdict",
 "world",
]

[[package]]
name = "planner"
version = "0.1.0"
dependencies = [
 "datamodel",
]

[[package]]
name = "sandbox"
version = "0.1.0"
dependencies = [
 "datamodel",
]

[[package]]
name = "store"
version = "0.1.0"
dependencies = [
 "datamodel",
]

[[package]]
name = "verdict"
version = "0.1.0"
dependencies = [
 "datamodel",
]

[[package]]
name = "world"
version = "0.1.0"
dependencies = [
 "datamodel",
]

[[package]]
name = "xtask"
version = "0.1.0"
